// !$*UTF8*$!
{
	archiveVersion = 1;
	classes = {
	};
	objectVersion = 50;
	objects = {

/* Begin PBXBuildFile section */
		CC0628FE23D60AAD00D208D5 /* BoxView.swift in Sources */ = {isa = PBXBuildFile; fileRef = CC0628FD23D60AAD00D208D5 /* BoxView.swift */; };
		CC06290823D6121500D208D5 /* Vegetable.swift in Sources */ = {isa = PBXBuildFile; fileRef = CC06290723D6121500D208D5 /* Vegetable.swift */; };
		CC06290A23D6153400D208D5 /* VegetableSearchFilter.swift in Sources */ = {isa = PBXBuildFile; fileRef = CC06290923D6153400D208D5 /* VegetableSearchFilter.swift */; };
		CC06290C23D61C2F00D208D5 /* RecipeMakingVegetableSearchView.swift in Sources */ = {isa = PBXBuildFile; fileRef = CC06290B23D61C2F00D208D5 /* RecipeMakingVegetableSearchView.swift */; };
		CC1E015423CF8F6C00F325A9 /* AppDelegate.swift in Sources */ = {isa = PBXBuildFile; fileRef = CC1E015323CF8F6C00F325A9 /* AppDelegate.swift */; };
		CC1E015623CF8F6C00F325A9 /* SceneDelegate.swift in Sources */ = {isa = PBXBuildFile; fileRef = CC1E015523CF8F6C00F325A9 /* SceneDelegate.swift */; };
		CC1E015823CF8F6C00F325A9 /* RootView.swift in Sources */ = {isa = PBXBuildFile; fileRef = CC1E015723CF8F6C00F325A9 /* RootView.swift */; };
		CC1E015A23CF8F6C00F325A9 /* Assets.xcassets in Resources */ = {isa = PBXBuildFile; fileRef = CC1E015923CF8F6C00F325A9 /* Assets.xcassets */; };
		CC1E015D23CF8F6C00F325A9 /* Preview Assets.xcassets in Resources */ = {isa = PBXBuildFile; fileRef = CC1E015C23CF8F6C00F325A9 /* Preview Assets.xcassets */; };
		CC1E016023CF8F6C00F325A9 /* LaunchScreen.storyboard in Resources */ = {isa = PBXBuildFile; fileRef = CC1E015E23CF8F6C00F325A9 /* LaunchScreen.storyboard */; };
		CC1E016B23CF8F6D00F325A9 /* CookingMonsterTests.swift in Sources */ = {isa = PBXBuildFile; fileRef = CC1E016A23CF8F6D00F325A9 /* CookingMonsterTests.swift */; };
		CC1E017623CF8F6D00F325A9 /* CookingMonsterUITests.swift in Sources */ = {isa = PBXBuildFile; fileRef = CC1E017523CF8F6D00F325A9 /* CookingMonsterUITests.swift */; };
		CC29E4B223D425E100A4D8E6 /* RecipeMakingVegetableView.swift in Sources */ = {isa = PBXBuildFile; fileRef = CC29E4B123D425E100A4D8E6 /* RecipeMakingVegetableView.swift */; };
		CC2D94FE23E0994B00E9C25D /* RecipeMakingAddSeasoningView.swift in Sources */ = {isa = PBXBuildFile; fileRef = CC2D94FD23E0994B00E9C25D /* RecipeMakingAddSeasoningView.swift */; };
		CC36C17623DF64E4008748E3 /* Liquid.swift in Sources */ = {isa = PBXBuildFile; fileRef = CC36C17523DF64E4008748E3 /* Liquid.swift */; };
		CC36C17823DF6842008748E3 /* RecipeMakingLiquidSearchView.swift in Sources */ = {isa = PBXBuildFile; fileRef = CC36C17723DF6842008748E3 /* RecipeMakingLiquidSearchView.swift */; };
		CC4180FD23D2CFBE009E1EA5 /* SharedData.swift in Sources */ = {isa = PBXBuildFile; fileRef = CC4180FC23D2CFBE009E1EA5 /* SharedData.swift */; };
		CC41814323D30558009E1EA5 /* RecipeMakingHomeView.swift in Sources */ = {isa = PBXBuildFile; fileRef = CC41814223D30558009E1EA5 /* RecipeMakingHomeView.swift */; };
		CC41814623D35D15009E1EA5 /* RecipeMakingIngredientsView.swift in Sources */ = {isa = PBXBuildFile; fileRef = CC41814523D35D15009E1EA5 /* RecipeMakingIngredientsView.swift */; };
		CC41814823D35D28009E1EA5 /* RecipeMakingSeasoningView.swift in Sources */ = {isa = PBXBuildFile; fileRef = CC41814723D35D28009E1EA5 /* RecipeMakingSeasoningView.swift */; };
		CC41814A23D35D35009E1EA5 /* RecipeMakingProcedureView.swift in Sources */ = {isa = PBXBuildFile; fileRef = CC41814923D35D35009E1EA5 /* RecipeMakingProcedureView.swift */; };
		CC41814C23D35D43009E1EA5 /* RecipeMakingMemoView.swift in Sources */ = {isa = PBXBuildFile; fileRef = CC41814B23D35D43009E1EA5 /* RecipeMakingMemoView.swift */; };
		CC41815023D363CF009E1EA5 /* HomeView.swift in Sources */ = {isa = PBXBuildFile; fileRef = CC41814F23D363CF009E1EA5 /* HomeView.swift */; };
		CCC5C7D023DF460F0075773E /* FoodStaff.swift in Sources */ = {isa = PBXBuildFile; fileRef = CCC5C7CF23DF460F0075773E /* FoodStaff.swift */; };
		CCC5C7D223DF51480075773E /* RecipeMakingLiquidView.swift in Sources */ = {isa = PBXBuildFile; fileRef = CCC5C7D123DF51480075773E /* RecipeMakingLiquidView.swift */; };
		CCC5C7D523DF62BC0075773E /* LiquidSearchFilter.swift in Sources */ = {isa = PBXBuildFile; fileRef = CCC5C7D423DF62BC0075773E /* LiquidSearchFilter.swift */; };
		CCE53BAA23D74A740021B68C /* Recipe.swift in Sources */ = {isa = PBXBuildFile; fileRef = CCE53BA923D74A740021B68C /* Recipe.swift */; };
		CCE53BAC23D74B070021B68C /* Ingredient.swift in Sources */ = {isa = PBXBuildFile; fileRef = CCE53BAB23D74B070021B68C /* Ingredient.swift */; };
		CCE53BAE23D74C670021B68C /* RecipeMakingAddIngredientView.swift in Sources */ = {isa = PBXBuildFile; fileRef = CCE53BAD23D74C670021B68C /* RecipeMakingAddIngredientView.swift */; };
		CCE5F01323DA041200A4E745 /* Seasoning.swift in Sources */ = {isa = PBXBuildFile; fileRef = CCE5F01223DA041200A4E745 /* Seasoning.swift */; };
		CCE5F01523DA06C800A4E745 /* Procedure.swift in Sources */ = {isa = PBXBuildFile; fileRef = CCE5F01423DA06C800A4E745 /* Procedure.swift */; };
		CCE5F01723DA0BC700A4E745 /* RecipeMemo.swift in Sources */ = {isa = PBXBuildFile; fileRef = CCE5F01623DA0BC700A4E745 /* RecipeMemo.swift */; };
		CCE5F01923DA0D1500A4E745 /* ProcedureTarget.swift in Sources */ = {isa = PBXBuildFile; fileRef = CCE5F01823DA0D1500A4E745 /* ProcedureTarget.swift */; };
/* End PBXBuildFile section */

/* Begin PBXContainerItemProxy section */
		CC1E016723CF8F6D00F325A9 /* PBXContainerItemProxy */ = {
			isa = PBXContainerItemProxy;
			containerPortal = CC1E014823CF8F6B00F325A9 /* Project object */;
			proxyType = 1;
			remoteGlobalIDString = CC1E014F23CF8F6B00F325A9;
			remoteInfo = CookingMonster;
		};
		CC1E017223CF8F6D00F325A9 /* PBXContainerItemProxy */ = {
			isa = PBXContainerItemProxy;
			containerPortal = CC1E014823CF8F6B00F325A9 /* Project object */;
			proxyType = 1;
			remoteGlobalIDString = CC1E014F23CF8F6B00F325A9;
			remoteInfo = CookingMonster;
		};
/* End PBXContainerItemProxy section */

/* Begin PBXFileReference section */
		CC0628FD23D60AAD00D208D5 /* BoxView.swift */ = {isa = PBXFileReference; lastKnownFileType = sourcecode.swift; path = BoxView.swift; sourceTree = "<group>"; };
		CC06290723D6121500D208D5 /* Vegetable.swift */ = {isa = PBXFileReference; lastKnownFileType = sourcecode.swift; path = Vegetable.swift; sourceTree = "<group>"; };
		CC06290923D6153400D208D5 /* VegetableSearchFilter.swift */ = {isa = PBXFileReference; lastKnownFileType = sourcecode.swift; path = VegetableSearchFilter.swift; sourceTree = "<group>"; };
		CC06290B23D61C2F00D208D5 /* RecipeMakingVegetableSearchView.swift */ = {isa = PBXFileReference; lastKnownFileType = sourcecode.swift; path = RecipeMakingVegetableSearchView.swift; sourceTree = "<group>"; };
		CC1E015023CF8F6C00F325A9 /* CookingMonster.app */ = {isa = PBXFileReference; explicitFileType = wrapper.application; includeInIndex = 0; path = CookingMonster.app; sourceTree = BUILT_PRODUCTS_DIR; };
		CC1E015323CF8F6C00F325A9 /* AppDelegate.swift */ = {isa = PBXFileReference; lastKnownFileType = sourcecode.swift; path = AppDelegate.swift; sourceTree = "<group>"; };
		CC1E015523CF8F6C00F325A9 /* SceneDelegate.swift */ = {isa = PBXFileReference; lastKnownFileType = sourcecode.swift; path = SceneDelegate.swift; sourceTree = "<group>"; };
		CC1E015723CF8F6C00F325A9 /* RootView.swift */ = {isa = PBXFileReference; lastKnownFileType = sourcecode.swift; path = RootView.swift; sourceTree = "<group>"; };
		CC1E015923CF8F6C00F325A9 /* Assets.xcassets */ = {isa = PBXFileReference; lastKnownFileType = folder.assetcatalog; path = Assets.xcassets; sourceTree = "<group>"; };
		CC1E015C23CF8F6C00F325A9 /* Preview Assets.xcassets */ = {isa = PBXFileReference; lastKnownFileType = folder.assetcatalog; path = "Preview Assets.xcassets"; sourceTree = "<group>"; };
		CC1E015F23CF8F6C00F325A9 /* Base */ = {isa = PBXFileReference; lastKnownFileType = file.storyboard; name = Base; path = Base.lproj/LaunchScreen.storyboard; sourceTree = "<group>"; };
		CC1E016123CF8F6C00F325A9 /* Info.plist */ = {isa = PBXFileReference; lastKnownFileType = text.plist.xml; path = Info.plist; sourceTree = "<group>"; };
		CC1E016623CF8F6D00F325A9 /* CookingMonsterTests.xctest */ = {isa = PBXFileReference; explicitFileType = wrapper.cfbundle; includeInIndex = 0; path = CookingMonsterTests.xctest; sourceTree = BUILT_PRODUCTS_DIR; };
		CC1E016A23CF8F6D00F325A9 /* CookingMonsterTests.swift */ = {isa = PBXFileReference; lastKnownFileType = sourcecode.swift; path = CookingMonsterTests.swift; sourceTree = "<group>"; };
		CC1E016C23CF8F6D00F325A9 /* Info.plist */ = {isa = PBXFileReference; lastKnownFileType = text.plist.xml; path = Info.plist; sourceTree = "<group>"; };
		CC1E017123CF8F6D00F325A9 /* CookingMonsterUITests.xctest */ = {isa = PBXFileReference; explicitFileType = wrapper.cfbundle; includeInIndex = 0; path = CookingMonsterUITests.xctest; sourceTree = BUILT_PRODUCTS_DIR; };
		CC1E017523CF8F6D00F325A9 /* CookingMonsterUITests.swift */ = {isa = PBXFileReference; lastKnownFileType = sourcecode.swift; path = CookingMonsterUITests.swift; sourceTree = "<group>"; };
		CC1E017723CF8F6D00F325A9 /* Info.plist */ = {isa = PBXFileReference; lastKnownFileType = text.plist.xml; path = Info.plist; sourceTree = "<group>"; };
		CC29E4B123D425E100A4D8E6 /* RecipeMakingVegetableView.swift */ = {isa = PBXFileReference; lastKnownFileType = sourcecode.swift; path = RecipeMakingVegetableView.swift; sourceTree = "<group>"; };
		CC2D94FD23E0994B00E9C25D /* RecipeMakingAddSeasoningView.swift */ = {isa = PBXFileReference; lastKnownFileType = sourcecode.swift; path = RecipeMakingAddSeasoningView.swift; sourceTree = "<group>"; };
		CC36C17523DF64E4008748E3 /* Liquid.swift */ = {isa = PBXFileReference; lastKnownFileType = sourcecode.swift; path = Liquid.swift; sourceTree = "<group>"; };
		CC36C17723DF6842008748E3 /* RecipeMakingLiquidSearchView.swift */ = {isa = PBXFileReference; lastKnownFileType = sourcecode.swift; path = RecipeMakingLiquidSearchView.swift; sourceTree = "<group>"; };
		CC4180FC23D2CFBE009E1EA5 /* SharedData.swift */ = {isa = PBXFileReference; lastKnownFileType = sourcecode.swift; path = SharedData.swift; sourceTree = "<group>"; };
		CC41814223D30558009E1EA5 /* RecipeMakingHomeView.swift */ = {isa = PBXFileReference; lastKnownFileType = sourcecode.swift; path = RecipeMakingHomeView.swift; sourceTree = "<group>"; };
		CC41814523D35D15009E1EA5 /* RecipeMakingIngredientsView.swift */ = {isa = PBXFileReference; lastKnownFileType = sourcecode.swift; path = RecipeMakingIngredientsView.swift; sourceTree = "<group>"; };
		CC41814723D35D28009E1EA5 /* RecipeMakingSeasoningView.swift */ = {isa = PBXFileReference; lastKnownFileType = sourcecode.swift; path = RecipeMakingSeasoningView.swift; sourceTree = "<group>"; };
		CC41814923D35D35009E1EA5 /* RecipeMakingProcedureView.swift */ = {isa = PBXFileReference; lastKnownFileType = sourcecode.swift; path = RecipeMakingProcedureView.swift; sourceTree = "<group>"; };
		CC41814B23D35D43009E1EA5 /* RecipeMakingMemoView.swift */ = {isa = PBXFileReference; lastKnownFileType = sourcecode.swift; path = RecipeMakingMemoView.swift; sourceTree = "<group>"; };
		CC41814F23D363CF009E1EA5 /* HomeView.swift */ = {isa = PBXFileReference; lastKnownFileType = sourcecode.swift; path = HomeView.swift; sourceTree = "<group>"; };
		CCC5C7CF23DF460F0075773E /* FoodStaff.swift */ = {isa = PBXFileReference; lastKnownFileType = sourcecode.swift; path = FoodStaff.swift; sourceTree = "<group>"; };
		CCC5C7D123DF51480075773E /* RecipeMakingLiquidView.swift */ = {isa = PBXFileReference; lastKnownFileType = sourcecode.swift; path = RecipeMakingLiquidView.swift; sourceTree = "<group>"; };
		CCC5C7D423DF62BC0075773E /* LiquidSearchFilter.swift */ = {isa = PBXFileReference; lastKnownFileType = sourcecode.swift; path = LiquidSearchFilter.swift; sourceTree = "<group>"; };
		CCE53BA923D74A740021B68C /* Recipe.swift */ = {isa = PBXFileReference; lastKnownFileType = sourcecode.swift; path = Recipe.swift; sourceTree = "<group>"; };
		CCE53BAB23D74B070021B68C /* Ingredient.swift */ = {isa = PBXFileReference; lastKnownFileType = sourcecode.swift; path = Ingredient.swift; sourceTree = "<group>"; };
		CCE53BAD23D74C670021B68C /* RecipeMakingAddIngredientView.swift */ = {isa = PBXFileReference; lastKnownFileType = sourcecode.swift; path = RecipeMakingAddIngredientView.swift; sourceTree = "<group>"; };
		CCE5F01223DA041200A4E745 /* Seasoning.swift */ = {isa = PBXFileReference; lastKnownFileType = sourcecode.swift; path = Seasoning.swift; sourceTree = "<group>"; };
		CCE5F01423DA06C800A4E745 /* Procedure.swift */ = {isa = PBXFileReference; lastKnownFileType = sourcecode.swift; path = Procedure.swift; sourceTree = "<group>"; };
		CCE5F01623DA0BC700A4E745 /* RecipeMemo.swift */ = {isa = PBXFileReference; lastKnownFileType = sourcecode.swift; path = RecipeMemo.swift; sourceTree = "<group>"; };
		CCE5F01823DA0D1500A4E745 /* ProcedureTarget.swift */ = {isa = PBXFileReference; lastKnownFileType = sourcecode.swift; path = ProcedureTarget.swift; sourceTree = "<group>"; };
/* End PBXFileReference section */

/* Begin PBXFrameworksBuildPhase section */
		CC1E014D23CF8F6B00F325A9 /* Frameworks */ = {
			isa = PBXFrameworksBuildPhase;
			buildActionMask = 2147483647;
			files = (
			);
			runOnlyForDeploymentPostprocessing = 0;
		};
		CC1E016323CF8F6D00F325A9 /* Frameworks */ = {
			isa = PBXFrameworksBuildPhase;
			buildActionMask = 2147483647;
			files = (
			);
			runOnlyForDeploymentPostprocessing = 0;
		};
		CC1E016E23CF8F6D00F325A9 /* Frameworks */ = {
			isa = PBXFrameworksBuildPhase;
			buildActionMask = 2147483647;
			files = (
			);
			runOnlyForDeploymentPostprocessing = 0;
		};
/* End PBXFrameworksBuildPhase section */

/* Begin PBXGroup section */
		CC0628FC23D60A8000D208D5 /* Common */ = {
			isa = PBXGroup;
			children = (
				CC0628FD23D60AAD00D208D5 /* BoxView.swift */,
			);
			path = Common;
			sourceTree = "<group>";
		};
		CC06290D23D6267E00D208D5 /* vegetable */ = {
			isa = PBXGroup;
			children = (
				CC29E4B123D425E100A4D8E6 /* RecipeMakingVegetableView.swift */,
				CC06290B23D61C2F00D208D5 /* RecipeMakingVegetableSearchView.swift */,
			);
			path = vegetable;
			sourceTree = "<group>";
		};
		CC1E014723CF8F6B00F325A9 = {
			isa = PBXGroup;
			children = (
				CC1E015223CF8F6C00F325A9 /* CookingMonster */,
				CC1E016923CF8F6D00F325A9 /* CookingMonsterTests */,
				CC1E017423CF8F6D00F325A9 /* CookingMonsterUITests */,
				CC1E015123CF8F6C00F325A9 /* Products */,
			);
			sourceTree = "<group>";
		};
		CC1E015123CF8F6C00F325A9 /* Products */ = {
			isa = PBXGroup;
			children = (
				CC1E015023CF8F6C00F325A9 /* CookingMonster.app */,
				CC1E016623CF8F6D00F325A9 /* CookingMonsterTests.xctest */,
				CC1E017123CF8F6D00F325A9 /* CookingMonsterUITests.xctest */,
			);
			name = Products;
			sourceTree = "<group>";
		};
		CC1E015223CF8F6C00F325A9 /* CookingMonster */ = {
			isa = PBXGroup;
			children = (
				CC1E015323CF8F6C00F325A9 /* AppDelegate.swift */,
				CC1E015523CF8F6C00F325A9 /* SceneDelegate.swift */,
				CC29E4AC23D4251100A4D8E6 /* Model */,
				CC41814423D30B12009E1EA5 /* View */,
				CC1E015923CF8F6C00F325A9 /* Assets.xcassets */,
				CC1E015E23CF8F6C00F325A9 /* LaunchScreen.storyboard */,
				CC1E016123CF8F6C00F325A9 /* Info.plist */,
				CC1E015B23CF8F6C00F325A9 /* Preview Content */,
			);
			path = CookingMonster;
			sourceTree = "<group>";
		};
		CC1E015B23CF8F6C00F325A9 /* Preview Content */ = {
			isa = PBXGroup;
			children = (
				CC1E015C23CF8F6C00F325A9 /* Preview Assets.xcassets */,
			);
			path = "Preview Content";
			sourceTree = "<group>";
		};
		CC1E016923CF8F6D00F325A9 /* CookingMonsterTests */ = {
			isa = PBXGroup;
			children = (
				CC1E016A23CF8F6D00F325A9 /* CookingMonsterTests.swift */,
				CC1E016C23CF8F6D00F325A9 /* Info.plist */,
			);
			path = CookingMonsterTests;
			sourceTree = "<group>";
		};
		CC1E017423CF8F6D00F325A9 /* CookingMonsterUITests */ = {
			isa = PBXGroup;
			children = (
				CC1E017523CF8F6D00F325A9 /* CookingMonsterUITests.swift */,
				CC1E017723CF8F6D00F325A9 /* Info.plist */,
			);
			path = CookingMonsterUITests;
			sourceTree = "<group>";
		};
		CC29E4AB23D424DD00A4D8E6 /* RecipeMaking */ = {
			isa = PBXGroup;
			children = (
				CC41814223D30558009E1EA5 /* RecipeMakingHomeView.swift */,
				CC29E4AE23D4256C00A4D8E6 /* Seasoning */,
				CC29E4AD23D4254500A4D8E6 /* Ingredients */,
				CC29E4AF23D4258700A4D8E6 /* Procedure */,
				CC29E4B023D4259400A4D8E6 /* Memo */,
			);
			path = RecipeMaking;
			sourceTree = "<group>";
		};
		CC29E4AC23D4251100A4D8E6 /* Model */ = {
			isa = PBXGroup;
			children = (
				CC4180FC23D2CFBE009E1EA5 /* SharedData.swift */,
				CC06290723D6121500D208D5 /* Vegetable.swift */,
				CC06290923D6153400D208D5 /* VegetableSearchFilter.swift */,
				CCC5C7D423DF62BC0075773E /* LiquidSearchFilter.swift */,
				CCE53BA923D74A740021B68C /* Recipe.swift */,
				CCC5C7CF23DF460F0075773E /* FoodStaff.swift */,
				CCE5F01223DA041200A4E745 /* Seasoning.swift */,
				CC36C17523DF64E4008748E3 /* Liquid.swift */,
				CCE53BAB23D74B070021B68C /* Ingredient.swift */,
				CCE5F01423DA06C800A4E745 /* Procedure.swift */,
				CCE5F01823DA0D1500A4E745 /* ProcedureTarget.swift */,
				CCE5F01623DA0BC700A4E745 /* RecipeMemo.swift */,
			);
			path = Model;
			sourceTree = "<group>";
		};
		CC29E4AD23D4254500A4D8E6 /* Ingredients */ = {
			isa = PBXGroup;
			children = (
				CC41814523D35D15009E1EA5 /* RecipeMakingIngredientsView.swift */,
				CCE53BAD23D74C670021B68C /* RecipeMakingAddIngredientView.swift */,
				CC06290D23D6267E00D208D5 /* vegetable */,
			);
			path = Ingredients;
			sourceTree = "<group>";
		};
		CC29E4AE23D4256C00A4D8E6 /* Seasoning */ = {
			isa = PBXGroup;
			children = (
				CC41814723D35D28009E1EA5 /* RecipeMakingSeasoningView.swift */,
				CC2D94FD23E0994B00E9C25D /* RecipeMakingAddSeasoningView.swift */,
				CCC5C7D323DF519E0075773E /* Liquid */,
			);
			path = Seasoning;
			sourceTree = "<group>";
		};
		CC29E4AF23D4258700A4D8E6 /* Procedure */ = {
			isa = PBXGroup;
			children = (
				CC41814923D35D35009E1EA5 /* RecipeMakingProcedureView.swift */,
			);
			path = Procedure;
			sourceTree = "<group>";
		};
		CC29E4B023D4259400A4D8E6 /* Memo */ = {
			isa = PBXGroup;
			children = (
				CC41814B23D35D43009E1EA5 /* RecipeMakingMemoView.swift */,
			);
			path = Memo;
			sourceTree = "<group>";
		};
		CC41814423D30B12009E1EA5 /* View */ = {
			isa = PBXGroup;
			children = (
				CC1E015723CF8F6C00F325A9 /* RootView.swift */,
				CC41814F23D363CF009E1EA5 /* HomeView.swift */,
				CC0628FC23D60A8000D208D5 /* Common */,
				CC29E4AB23D424DD00A4D8E6 /* RecipeMaking */,
			);
			path = View;
			sourceTree = "<group>";
		};
		CCC5C7D323DF519E0075773E /* Liquid */ = {
			isa = PBXGroup;
			children = (
				CCC5C7D123DF51480075773E /* RecipeMakingLiquidView.swift */,
				CC36C17723DF6842008748E3 /* RecipeMakingLiquidSearchView.swift */,
			);
			path = Liquid;
			sourceTree = "<group>";
		};
/* End PBXGroup section */

/* Begin PBXNativeTarget section */
		CC1E014F23CF8F6B00F325A9 /* CookingMonster */ = {
			isa = PBXNativeTarget;
			buildConfigurationList = CC1E017A23CF8F6D00F325A9 /* Build configuration list for PBXNativeTarget "CookingMonster" */;
			buildPhases = (
				CC1E014C23CF8F6B00F325A9 /* Sources */,
				CC1E014D23CF8F6B00F325A9 /* Frameworks */,
				CC1E014E23CF8F6B00F325A9 /* Resources */,
			);
			buildRules = (
			);
			dependencies = (
			);
			name = CookingMonster;
			productName = CookingMonster;
			productReference = CC1E015023CF8F6C00F325A9 /* CookingMonster.app */;
			productType = "com.apple.product-type.application";
		};
		CC1E016523CF8F6D00F325A9 /* CookingMonsterTests */ = {
			isa = PBXNativeTarget;
			buildConfigurationList = CC1E017D23CF8F6D00F325A9 /* Build configuration list for PBXNativeTarget "CookingMonsterTests" */;
			buildPhases = (
				CC1E016223CF8F6D00F325A9 /* Sources */,
				CC1E016323CF8F6D00F325A9 /* Frameworks */,
				CC1E016423CF8F6D00F325A9 /* Resources */,
			);
			buildRules = (
			);
			dependencies = (
				CC1E016823CF8F6D00F325A9 /* PBXTargetDependency */,
			);
			name = CookingMonsterTests;
			productName = CookingMonsterTests;
			productReference = CC1E016623CF8F6D00F325A9 /* CookingMonsterTests.xctest */;
			productType = "com.apple.product-type.bundle.unit-test";
		};
		CC1E017023CF8F6D00F325A9 /* CookingMonsterUITests */ = {
			isa = PBXNativeTarget;
			buildConfigurationList = CC1E018023CF8F6D00F325A9 /* Build configuration list for PBXNativeTarget "CookingMonsterUITests" */;
			buildPhases = (
				CC1E016D23CF8F6D00F325A9 /* Sources */,
				CC1E016E23CF8F6D00F325A9 /* Frameworks */,
				CC1E016F23CF8F6D00F325A9 /* Resources */,
			);
			buildRules = (
			);
			dependencies = (
				CC1E017323CF8F6D00F325A9 /* PBXTargetDependency */,
			);
			name = CookingMonsterUITests;
			productName = CookingMonsterUITests;
			productReference = CC1E017123CF8F6D00F325A9 /* CookingMonsterUITests.xctest */;
			productType = "com.apple.product-type.bundle.ui-testing";
		};
/* End PBXNativeTarget section */

/* Begin PBXProject section */
		CC1E014823CF8F6B00F325A9 /* Project object */ = {
			isa = PBXProject;
			attributes = {
				LastSwiftUpdateCheck = 1130;
				LastUpgradeCheck = 1130;
				ORGANIZATIONNAME = "hiroki kaneko";
				TargetAttributes = {
					CC1E014F23CF8F6B00F325A9 = {
						CreatedOnToolsVersion = 11.3.1;
					};
					CC1E016523CF8F6D00F325A9 = {
						CreatedOnToolsVersion = 11.3.1;
						TestTargetID = CC1E014F23CF8F6B00F325A9;
					};
					CC1E017023CF8F6D00F325A9 = {
						CreatedOnToolsVersion = 11.3.1;
						TestTargetID = CC1E014F23CF8F6B00F325A9;
					};
				};
			};
			buildConfigurationList = CC1E014B23CF8F6B00F325A9 /* Build configuration list for PBXProject "CookingMonster" */;
			compatibilityVersion = "Xcode 9.3";
			developmentRegion = en;
			hasScannedForEncodings = 0;
			knownRegions = (
				en,
				Base,
			);
			mainGroup = CC1E014723CF8F6B00F325A9;
			productRefGroup = CC1E015123CF8F6C00F325A9 /* Products */;
			projectDirPath = "";
			projectRoot = "";
			targets = (
				CC1E014F23CF8F6B00F325A9 /* CookingMonster */,
				CC1E016523CF8F6D00F325A9 /* CookingMonsterTests */,
				CC1E017023CF8F6D00F325A9 /* CookingMonsterUITests */,
			);
		};
/* End PBXProject section */

/* Begin PBXResourcesBuildPhase section */
		CC1E014E23CF8F6B00F325A9 /* Resources */ = {
			isa = PBXResourcesBuildPhase;
			buildActionMask = 2147483647;
			files = (
				CC1E016023CF8F6C00F325A9 /* LaunchScreen.storyboard in Resources */,
				CC1E015D23CF8F6C00F325A9 /* Preview Assets.xcassets in Resources */,
				CC1E015A23CF8F6C00F325A9 /* Assets.xcassets in Resources */,
			);
			runOnlyForDeploymentPostprocessing = 0;
		};
		CC1E016423CF8F6D00F325A9 /* Resources */ = {
			isa = PBXResourcesBuildPhase;
			buildActionMask = 2147483647;
			files = (
			);
			runOnlyForDeploymentPostprocessing = 0;
		};
		CC1E016F23CF8F6D00F325A9 /* Resources */ = {
			isa = PBXResourcesBuildPhase;
			buildActionMask = 2147483647;
			files = (
			);
			runOnlyForDeploymentPostprocessing = 0;
		};
/* End PBXResourcesBuildPhase section */

/* Begin PBXSourcesBuildPhase section */
		CC1E014C23CF8F6B00F325A9 /* Sources */ = {
			isa = PBXSourcesBuildPhase;
			buildActionMask = 2147483647;
			files = (
				CCE5F01723DA0BC700A4E745 /* RecipeMemo.swift in Sources */,
				CC36C17623DF64E4008748E3 /* Liquid.swift in Sources */,
				CCC5C7D223DF51480075773E /* RecipeMakingLiquidView.swift in Sources */,
				CC41814323D30558009E1EA5 /* RecipeMakingHomeView.swift in Sources */,
				CC4180FD23D2CFBE009E1EA5 /* SharedData.swift in Sources */,
				CC06290C23D61C2F00D208D5 /* RecipeMakingVegetableSearchView.swift in Sources */,
				CC36C17823DF6842008748E3 /* RecipeMakingLiquidSearchView.swift in Sources */,
				CCE5F01523DA06C800A4E745 /* Procedure.swift in Sources */,
				CC41814C23D35D43009E1EA5 /* RecipeMakingMemoView.swift in Sources */,
				CC1E015423CF8F6C00F325A9 /* AppDelegate.swift in Sources */,
				CCC5C7D523DF62BC0075773E /* LiquidSearchFilter.swift in Sources */,
				CC2D94FE23E0994B00E9C25D /* RecipeMakingAddSeasoningView.swift in Sources */,
				CC1E015623CF8F6C00F325A9 /* SceneDelegate.swift in Sources */,
				CCE53BAC23D74B070021B68C /* Ingredient.swift in Sources */,
				CC06290A23D6153400D208D5 /* VegetableSearchFilter.swift in Sources */,
				CCE5F01323DA041200A4E745 /* Seasoning.swift in Sources */,
				CCE53BAE23D74C670021B68C /* RecipeMakingAddIngredientView.swift in Sources */,
				CCC5C7D023DF460F0075773E /* FoodStaff.swift in Sources */,
				CC06290823D6121500D208D5 /* Vegetable.swift in Sources */,
				CC41814823D35D28009E1EA5 /* RecipeMakingSeasoningView.swift in Sources */,
				CC1E015823CF8F6C00F325A9 /* RootView.swift in Sources */,
				CC41814A23D35D35009E1EA5 /* RecipeMakingProcedureView.swift in Sources */,
				CCE5F01923DA0D1500A4E745 /* ProcedureTarget.swift in Sources */,
				CC0628FE23D60AAD00D208D5 /* BoxView.swift in Sources */,
				CC41815023D363CF009E1EA5 /* HomeView.swift in Sources */,
				CC29E4B223D425E100A4D8E6 /* RecipeMakingVegetableView.swift in Sources */,
				CC41814623D35D15009E1EA5 /* RecipeMakingIngredientsView.swift in Sources */,
				CCE53BAA23D74A740021B68C /* Recipe.swift in Sources */,
			);
			runOnlyForDeploymentPostprocessing = 0;
		};
		CC1E016223CF8F6D00F325A9 /* Sources */ = {
			isa = PBXSourcesBuildPhase;
			buildActionMask = 2147483647;
			files = (
				CC1E016B23CF8F6D00F325A9 /* CookingMonsterTests.swift in Sources */,
			);
			runOnlyForDeploymentPostprocessing = 0;
		};
		CC1E016D23CF8F6D00F325A9 /* Sources */ = {
			isa = PBXSourcesBuildPhase;
			buildActionMask = 2147483647;
			files = (
				CC1E017623CF8F6D00F325A9 /* CookingMonsterUITests.swift in Sources */,
			);
			runOnlyForDeploymentPostprocessing = 0;
		};
/* End PBXSourcesBuildPhase section */

/* Begin PBXTargetDependency section */
		CC1E016823CF8F6D00F325A9 /* PBXTargetDependency */ = {
			isa = PBXTargetDependency;
			target = CC1E014F23CF8F6B00F325A9 /* CookingMonster */;
			targetProxy = CC1E016723CF8F6D00F325A9 /* PBXContainerItemProxy */;
		};
		CC1E017323CF8F6D00F325A9 /* PBXTargetDependency */ = {
			isa = PBXTargetDependency;
			target = CC1E014F23CF8F6B00F325A9 /* CookingMonster */;
			targetProxy = CC1E017223CF8F6D00F325A9 /* PBXContainerItemProxy */;
		};
/* End PBXTargetDependency section */

/* Begin PBXVariantGroup section */
		CC1E015E23CF8F6C00F325A9 /* LaunchScreen.storyboard */ = {
			isa = PBXVariantGroup;
			children = (
				CC1E015F23CF8F6C00F325A9 /* Base */,
			);
			name = LaunchScreen.storyboard;
			sourceTree = "<group>";
		};
/* End PBXVariantGroup section */

/* Begin XCBuildConfiguration section */
		CC1E017823CF8F6D00F325A9 /* Debug */ = {
			isa = XCBuildConfiguration;
			buildSettings = {
				ALWAYS_SEARCH_USER_PATHS = NO;
				CLANG_ANALYZER_NONNULL = YES;
				CLANG_ANALYZER_NUMBER_OBJECT_CONVERSION = YES_AGGRESSIVE;
				CLANG_CXX_LANGUAGE_STANDARD = "gnu++14";
				CLANG_CXX_LIBRARY = "libc++";
				CLANG_ENABLE_MODULES = YES;
				CLANG_ENABLE_OBJC_ARC = YES;
				CLANG_ENABLE_OBJC_WEAK = YES;
				CLANG_WARN_BLOCK_CAPTURE_AUTORELEASING = YES;
				CLANG_WARN_BOOL_CONVERSION = YES;
				CLANG_WARN_COMMA = YES;
				CLANG_WARN_CONSTANT_CONVERSION = YES;
				CLANG_WARN_DEPRECATED_OBJC_IMPLEMENTATIONS = YES;
				CLANG_WARN_DIRECT_OBJC_ISA_USAGE = YES_ERROR;
				CLANG_WARN_DOCUMENTATION_COMMENTS = YES;
				CLANG_WARN_EMPTY_BODY = YES;
				CLANG_WARN_ENUM_CONVERSION = YES;
				CLANG_WARN_INFINITE_RECURSION = YES;
				CLANG_WARN_INT_CONVERSION = YES;
				CLANG_WARN_NON_LITERAL_NULL_CONVERSION = YES;
				CLANG_WARN_OBJC_IMPLICIT_RETAIN_SELF = YES;
				CLANG_WARN_OBJC_LITERAL_CONVERSION = YES;
				CLANG_WARN_OBJC_ROOT_CLASS = YES_ERROR;
				CLANG_WARN_RANGE_LOOP_ANALYSIS = YES;
				CLANG_WARN_STRICT_PROTOTYPES = YES;
				CLANG_WARN_SUSPICIOUS_MOVE = YES;
				CLANG_WARN_UNGUARDED_AVAILABILITY = YES_AGGRESSIVE;
				CLANG_WARN_UNREACHABLE_CODE = YES;
				CLANG_WARN__DUPLICATE_METHOD_MATCH = YES;
				COPY_PHASE_STRIP = NO;
				DEBUG_INFORMATION_FORMAT = dwarf;
				ENABLE_STRICT_OBJC_MSGSEND = YES;
				ENABLE_TESTABILITY = YES;
				GCC_C_LANGUAGE_STANDARD = gnu11;
				GCC_DYNAMIC_NO_PIC = NO;
				GCC_NO_COMMON_BLOCKS = YES;
				GCC_OPTIMIZATION_LEVEL = 0;
				GCC_PREPROCESSOR_DEFINITIONS = (
					"DEBUG=1",
					"$(inherited)",
				);
				GCC_WARN_64_TO_32_BIT_CONVERSION = YES;
				GCC_WARN_ABOUT_RETURN_TYPE = YES_ERROR;
				GCC_WARN_UNDECLARED_SELECTOR = YES;
				GCC_WARN_UNINITIALIZED_AUTOS = YES_AGGRESSIVE;
				GCC_WARN_UNUSED_FUNCTION = YES;
				GCC_WARN_UNUSED_VARIABLE = YES;
				IPHONEOS_DEPLOYMENT_TARGET = 13.2;
				MTL_ENABLE_DEBUG_INFO = INCLUDE_SOURCE;
				MTL_FAST_MATH = YES;
				ONLY_ACTIVE_ARCH = YES;
				SDKROOT = iphoneos;
				SWIFT_ACTIVE_COMPILATION_CONDITIONS = DEBUG;
				SWIFT_OPTIMIZATION_LEVEL = "-Onone";
			};
			name = Debug;
		};
		CC1E017923CF8F6D00F325A9 /* Release */ = {
			isa = XCBuildConfiguration;
			buildSettings = {
				ALWAYS_SEARCH_USER_PATHS = NO;
				CLANG_ANALYZER_NONNULL = YES;
				CLANG_ANALYZER_NUMBER_OBJECT_CONVERSION = YES_AGGRESSIVE;
				CLANG_CXX_LANGUAGE_STANDARD = "gnu++14";
				CLANG_CXX_LIBRARY = "libc++";
				CLANG_ENABLE_MODULES = YES;
				CLANG_ENABLE_OBJC_ARC = YES;
				CLANG_ENABLE_OBJC_WEAK = YES;
				CLANG_WARN_BLOCK_CAPTURE_AUTORELEASING = YES;
				CLANG_WARN_BOOL_CONVERSION = YES;
				CLANG_WARN_COMMA = YES;
				CLANG_WARN_CONSTANT_CONVERSION = YES;
				CLANG_WARN_DEPRECATED_OBJC_IMPLEMENTATIONS = YES;
				CLANG_WARN_DIRECT_OBJC_ISA_USAGE = YES_ERROR;
				CLANG_WARN_DOCUMENTATION_COMMENTS = YES;
				CLANG_WARN_EMPTY_BODY = YES;
				CLANG_WARN_ENUM_CONVERSION = YES;
				CLANG_WARN_INFINITE_RECURSION = YES;
				CLANG_WARN_INT_CONVERSION = YES;
				CLANG_WARN_NON_LITERAL_NULL_CONVERSION = YES;
				CLANG_WARN_OBJC_IMPLICIT_RETAIN_SELF = YES;
				CLANG_WARN_OBJC_LITERAL_CONVERSION = YES;
				CLANG_WARN_OBJC_ROOT_CLASS = YES_ERROR;
				CLANG_WARN_RANGE_LOOP_ANALYSIS = YES;
				CLANG_WARN_STRICT_PROTOTYPES = YES;
				CLANG_WARN_SUSPICIOUS_MOVE = YES;
				CLANG_WARN_UNGUARDED_AVAILABILITY = YES_AGGRESSIVE;
				CLANG_WARN_UNREACHABLE_CODE = YES;
				CLANG_WARN__DUPLICATE_METHOD_MATCH = YES;
				COPY_PHASE_STRIP = NO;
				DEBUG_INFORMATION_FORMAT = "dwarf-with-dsym";
				ENABLE_NS_ASSERTIONS = NO;
				ENABLE_STRICT_OBJC_MSGSEND = YES;
				GCC_C_LANGUAGE_STANDARD = gnu11;
				GCC_NO_COMMON_BLOCKS = YES;
				GCC_WARN_64_TO_32_BIT_CONVERSION = YES;
				GCC_WARN_ABOUT_RETURN_TYPE = YES_ERROR;
				GCC_WARN_UNDECLARED_SELECTOR = YES;
				GCC_WARN_UNINITIALIZED_AUTOS = YES_AGGRESSIVE;
				GCC_WARN_UNUSED_FUNCTION = YES;
				GCC_WARN_UNUSED_VARIABLE = YES;
				IPHONEOS_DEPLOYMENT_TARGET = 13.2;
				MTL_ENABLE_DEBUG_INFO = NO;
				MTL_FAST_MATH = YES;
				SDKROOT = iphoneos;
				SWIFT_COMPILATION_MODE = wholemodule;
				SWIFT_OPTIMIZATION_LEVEL = "-O";
				VALIDATE_PRODUCT = YES;
			};
			name = Release;
		};
		CC1E017B23CF8F6D00F325A9 /* Debug */ = {
			isa = XCBuildConfiguration;
			buildSettings = {
				ASSETCATALOG_COMPILER_APPICON_NAME = AppIcon;
				CODE_SIGN_STYLE = Automatic;
				DEVELOPMENT_ASSET_PATHS = "\"CookingMonster/Preview Content\"";
				DEVELOPMENT_TEAM = 5V8ECGU29B;
				ENABLE_PREVIEWS = YES;
				INFOPLIST_FILE = CookingMonster/Info.plist;
				LD_RUNPATH_SEARCH_PATHS = (
					"$(inherited)",
					"@executable_path/Frameworks",
				);
				PRODUCT_BUNDLE_IDENTIFIER = hrk.knk.CookingMonster;
				PRODUCT_NAME = "$(TARGET_NAME)";
				SWIFT_VERSION = 5.0;
				TARGETED_DEVICE_FAMILY = "1,2";
			};
			name = Debug;
		};
		CC1E017C23CF8F6D00F325A9 /* Release */ = {
			isa = XCBuildConfiguration;
			buildSettings = {
				ASSETCATALOG_COMPILER_APPICON_NAME = AppIcon;
				CODE_SIGN_STYLE = Automatic;
				DEVELOPMENT_ASSET_PATHS = "\"CookingMonster/Preview Content\"";
				DEVELOPMENT_TEAM = 5V8ECGU29B;
				ENABLE_PREVIEWS = YES;
				INFOPLIST_FILE = CookingMonster/Info.plist;
				LD_RUNPATH_SEARCH_PATHS = (
					"$(inherited)",
					"@executable_path/Frameworks",
				);
				PRODUCT_BUNDLE_IDENTIFIER = hrk.knk.CookingMonster;
				PRODUCT_NAME = "$(TARGET_NAME)";
				SWIFT_VERSION = 5.0;
				TARGETED_DEVICE_FAMILY = "1,2";
			};
			name = Release;
		};
		CC1E017E23CF8F6D00F325A9 /* Debug */ = {
			isa = XCBuildConfiguration;
			buildSettings = {
				ALWAYS_EMBED_SWIFT_STANDARD_LIBRARIES = YES;
				BUNDLE_LOADER = "$(TEST_HOST)";
				CODE_SIGN_STYLE = Automatic;
				DEVELOPMENT_TEAM = 5V8ECGU29B;
				INFOPLIST_FILE = CookingMonsterTests/Info.plist;
				IPHONEOS_DEPLOYMENT_TARGET = 13.2;
				LD_RUNPATH_SEARCH_PATHS = (
					"$(inherited)",
					"@executable_path/Frameworks",
					"@loader_path/Frameworks",
				);
				PRODUCT_BUNDLE_IDENTIFIER = hrk.knk.CookingMonsterTests;
				PRODUCT_NAME = "$(TARGET_NAME)";
				SWIFT_VERSION = 5.0;
				TARGETED_DEVICE_FAMILY = "1,2";
				TEST_HOST = "$(BUILT_PRODUCTS_DIR)/CookingMonster.app/CookingMonster";
			};
			name = Debug;
		};
		CC1E017F23CF8F6D00F325A9 /* Release */ = {
			isa = XCBuildConfiguration;
			buildSettings = {
				ALWAYS_EMBED_SWIFT_STANDARD_LIBRARIES = YES;
				BUNDLE_LOADER = "$(TEST_HOST)";
				CODE_SIGN_STYLE = Automatic;
				DEVELOPMENT_TEAM = 5V8ECGU29B;
				INFOPLIST_FILE = CookingMonsterTests/Info.plist;
				IPHONEOS_DEPLOYMENT_TARGET = 13.2;
				LD_RUNPATH_SEARCH_PATHS = (
					"$(inherited)",
					"@executable_path/Frameworks",
					"@loader_path/Frameworks",
				);
				PRODUCT_BUNDLE_IDENTIFIER = hrk.knk.CookingMonsterTests;
				PRODUCT_NAME = "$(TARGET_NAME)";
				SWIFT_VERSION = 5.0;
				TARGETED_DEVICE_FAMILY = "1,2";
				TEST_HOST = "$(BUILT_PRODUCTS_DIR)/CookingMonster.app/CookingMonster";
			};
			name = Release;
		};
		CC1E018123CF8F6D00F325A9 /* Debug */ = {
			isa = XCBuildConfiguration;
			buildSettings = {
				ALWAYS_EMBED_SWIFT_STANDARD_LIBRARIES = YES;
				CODE_SIGN_STYLE = Automatic;
				DEVELOPMENT_TEAM = 5V8ECGU29B;
				INFOPLIST_FILE = CookingMonsterUITests/Info.plist;
				LD_RUNPATH_SEARCH_PATHS = (
					"$(inherited)",
					"@executable_path/Frameworks",
					"@loader_path/Frameworks",
				);
				PRODUCT_BUNDLE_IDENTIFIER = hrk.knk.CookingMonsterUITests;
				PRODUCT_NAME = "$(TARGET_NAME)";
				SWIFT_VERSION = 5.0;
				TARGETED_DEVICE_FAMILY = "1,2";
				TEST_TARGET_NAME = CookingMonster;
			};
			name = Debug;
		};
		CC1E018223CF8F6D00F325A9 /* Release */ = {
			isa = XCBuildConfiguration;
			buildSettings = {
				ALWAYS_EMBED_SWIFT_STANDARD_LIBRARIES = YES;
				CODE_SIGN_STYLE = Automatic;
				DEVELOPMENT_TEAM = 5V8ECGU29B;
				INFOPLIST_FILE = CookingMonsterUITests/Info.plist;
				LD_RUNPATH_SEARCH_PATHS = (
					"$(inherited)",
					"@executable_path/Frameworks",
					"@loader_path/Frameworks",
				);
				PRODUCT_BUNDLE_IDENTIFIER = hrk.knk.CookingMonsterUITests;
				PRODUCT_NAME = "$(TARGET_NAME)";
				SWIFT_VERSION = 5.0;
				TARGETED_DEVICE_FAMILY = "1,2";
				TEST_TARGET_NAME = CookingMonster;
			};
			name = Release;
		};
/* End XCBuildConfiguration section */

/* Begin XCConfigurationList section */
		CC1E014B23CF8F6B00F325A9 /* Build configuration list for PBXProject "CookingMonster" */ = {
			isa = XCConfigurationList;
			buildConfigurations = (
				CC1E017823CF8F6D00F325A9 /* Debug */,
				CC1E017923CF8F6D00F325A9 /* Release */,
			);
			defaultConfigurationIsVisible = 0;
			defaultConfigurationName = Release;
		};
		CC1E017A23CF8F6D00F325A9 /* Build configuration list for PBXNativeTarget "CookingMonster" */ = {
			isa = XCConfigurationList;
			buildConfigurations = (
				CC1E017B23CF8F6D00F325A9 /* Debug */,
				CC1E017C23CF8F6D00F325A9 /* Release */,
			);
			defaultConfigurationIsVisible = 0;
			defaultConfigurationName = Release;
		};
		CC1E017D23CF8F6D00F325A9 /* Build configuration list for PBXNativeTarget "CookingMonsterTests" */ = {
			isa = XCConfigurationList;
			buildConfigurations = (
				CC1E017E23CF8F6D00F325A9 /* Debug */,
				CC1E017F23CF8F6D00F325A9 /* Release */,
			);
			defaultConfigurationIsVisible = 0;
			defaultConfigurationName = Release;
		};
		CC1E018023CF8F6D00F325A9 /* Build configuration list for PBXNativeTarget "CookingMonsterUITests" */ = {
			isa = XCConfigurationList;
			buildConfigurations = (
				CC1E018123CF8F6D00F325A9 /* Debug */,
				CC1E018223CF8F6D00F325A9 /* Release */,
			);
			defaultConfigurationIsVisible = 0;
			defaultConfigurationName = Release;
		};
/* End XCConfigurationList section */
	};
	rootObject = CC1E014823CF8F6B00F325A9 /* Project object */;
}
